
Microsoft Visual Studio Solution File, Format Version 10.00
# Visual C++ Express 2008
Project("{8BC9CEB8-8B4A-11D0-8D11-00A0C91BC942}") = "relay_server", "relay_server.vcproj", "{FD6D567F-52CA-4803-9150-62AB8043E61C}"
	ProjectSection(ProjectDependencies) = postProject
		{6496A14E-C9FB-4FA1-B4F9-99D5D1A9648C} = {6496A14E-C9FB-4FA1-B4F9-99D5D1A9648C}
		{D81DAEF4-7043-43D7-80E6-E4CF86B93EEB} = {D81DAEF4-7043-43D7-80E6-E4CF86B93EEB}
	EndProjectSection
EndProject
Project("{8BC9CEB8-8B4A-11D0-8D11-00A0C91BC942}") = "libsrtp", "..\libsrtp\libsrtp.vcproj", "{D81DAEF4-7043-43D7-80E6-E4CF86B93EEB}"
EndProject
Project("{8BC9CEB8-8B4A-11D0-8D11-00A0C91BC942}") = "libstun", "..\libstun\libstun.vcproj", "{6496A14E-C9FB-4FA1-B4F9-99D5D1A9648C}"
EndProject
Global
	GlobalSection(SolutionConfigurationPlatforms) = preSolution
		Debug|Win32 = Debug|Win32
		Release|Win32 = Release|Win32
	EndGlobalSection
	GlobalSection(ProjectConfigurationPlatforms) = postSolution
		{FD6D567F-52CA-4803-9150-62AB8043E61C}.Debug|Win32.ActiveCfg = Debug|Win32
		{FD6D567F-52CA-4803-9150-62AB8043E61C}.Debug|Win32.Build.0 = Debug|Win32
		{FD6D567F-52CA-4803-9150-62AB8043E61C}.Release|Win32.ActiveCfg = Release|Win32
		{FD6D567F-52CA-4803-9150-62AB8043E61C}.Release|Win32.Build.0 = Release|Win32
		{D81DAEF4-7043-43D7-80E6-E4CF86B93EEB}.Debug|Win32.ActiveCfg = Debug|Win32
		{D81DAEF4-7043-43D7-80E6-E4CF86B93EEB}.Debug|Win32.Build.0 = Debug|Win32
		{D81DAEF4-7043-43D7-80E6-E4CF86B93EEB}.Release|Win32.ActiveCfg = Release|Win32
		{D81DAEF4-7043-43D7-80E6-E4CF86B93EEB}.Release|Win32.Build.0 = Release|Win32
		{6496A14E-C9FB-4FA1-B4F9-99D5D1A9648C}.Debug|Win32.ActiveCfg = Debug|Win32
		{6496A14E-C9FB-4FA1-B4F9-99D5D1A9648C}.Debug|Win32.Build.0 = Debug|Win32
		{6496A14E-C9FB-4FA1-B4F9-99D5D1A9648C}.Release|Win32.ActiveCfg = Release|Win32
		{6496A14E-C9FB-4FA1-B4F9-99D5D1A9648C}.Release|Win32.Build.0 = Release|Win32
	EndGlobalSection
	GlobalSection(SolutionProperties) = preSolution
		HideSolutionNode = FALSE
	EndGlobalSection
EndGlobal
